
Microsoft Visual Studio Solution File, Format Version 12.00
# Visual Studio Version 17
VisualStudioVersion = 17.9.34622.214
MinimumVisualStudioVersion = 10.0.40219.1
Project("{FAE04EC0-301F-11D3-BF4B-00C04F79EFBC}") = "Listov", "Listov\Listov.csproj", "{D42EC8DD-CF3F-451E-A62A-ACEFC20BF023}"
EndProject
Global
	GlobalSection(SolutionConfigurationPlatforms) = preSolution
		Debug|Any CPU = Debug|Any CPU
		Release|Any CPU = Release|Any CPU
	EndGlobalSection
	GlobalSection(ProjectConfigurationPlatforms) = postSolution
		{D42EC8DD-CF3F-451E-A62A-ACEFC20BF023}.Debug|Any CPU.ActiveCfg = Debug|Any CPU
		{D42EC8DD-CF3F-451E-A62A-ACEFC20BF023}.Debug|Any CPU.Build.0 = Debug|Any CPU
		{D42EC8DD-CF3F-451E-A62A-ACEFC20BF023}.Release|Any CPU.ActiveCfg = Release|Any CPU
		{D42EC8DD-CF3F-451E-A62A-ACEFC20BF023}.Release|Any CPU.Build.0 = Release|Any CPU
	EndGlobalSection
	GlobalSection(SolutionProperties) = preSolution
		HideSolutionNode = FALSE
	EndGlobalSection
	GlobalSection(ExtensibilityGlobals) = postSolution
		SolutionGuid = {E7BA15FA-4822-42EE-A69E-96DFA42EE013}
	EndGlobalSection
EndGlobal
